<Solution>
  <Folder Name="/src/">
    <Project Path="src/System.Data.Async/System.Data.Async.csproj" />
    <Project Path="src/System.Data.Async.DataSet/System.Data.Async.DataSet.csproj" />
    <Project Path="src/System.Data.Async.Adapters/System.Data.Async.Adapters.csproj" />
  </Folder>
  <Folder Name="/tests/">
    <Project Path="tests/System.Data.Async.Tests/System.Data.Async.Tests.csproj" />
    <Project Path="tests/System.Data.Async.DataSet.Tests/System.Data.Async.DataSet.Tests.csproj" />
    <Project Path="tests/System.Data.Async.Adapters.Tests/System.Data.Async.Adapters.Tests.csproj" />
    <Project Path="tests/System.Data.Async.Validation.Tests/System.Data.Async.Validation.Tests.csproj" />
  </Folder>
</Solution>
