<Solution>
  <Folder Name="/src/">
    <Project Path="src/System.Data.Async/System.Data.Async.csproj" />
    <Project Path="src/System.Data.Async.DataSet/System.Data.Async.DataSet.csproj" />
    <Project Path="src/System.Data.Async.Adapters/System.Data.Async.Adapters.csproj" />
    <Project Path="src/System.Data.Async.Serialization.NewtonsoftJson/System.Data.Async.Serialization.NewtonsoftJson.csproj" />
    <Project Path="src/System.Data.Async.Serialization.SystemTextJson/System.Data.Async.Serialization.SystemTextJson.csproj" />
    <Project Path="src/System.Data.Async.DataSet.Generator/System.Data.Async.DataSet.Generator.csproj" />
  </Folder>
  <Folder Name="/tests/">
    <Project Path="tests/System.Data.Async.Tests/System.Data.Async.Tests.csproj" />
    <Project Path="tests/System.Data.Async.DataSet.Tests/System.Data.Async.DataSet.Tests.csproj" />
    <Project Path="tests/System.Data.Async.Adapters.Tests/System.Data.Async.Adapters.Tests.csproj" />
    <Project Path="tests/System.Data.Async.Validation.Tests/System.Data.Async.Validation.Tests.csproj" />
    <Project Path="tests/System.Data.Async.Benchmarks/System.Data.Async.Benchmarks.csproj" />
    <Project Path="tests/System.Data.Async.Integration.Tests/System.Data.Async.Integration.Tests.csproj" />
    <Project Path="tests/System.Data.Async.DataSet.Generator.Tests/System.Data.Async.DataSet.Generator.Tests.csproj" />
    <Project Path="tests/System.Data.Async.DataSet.Generator.Integration.Tests/System.Data.Async.DataSet.Generator.Integration.Tests.csproj" />
  </Folder>
</Solution>
